
Microsoft Visual Studio Solution File, Format Version 12.00
# Visual Studio Version 16
VisualStudioVersion = 16.0.31729.503
MinimumVisualStudioVersion = 10.0.40219.1
Project("{FAE04EC0-301F-11D3-BF4B-00C04F79EFBC}") = "QuanLyNhanSu", "QuanLyNhanSu\QuanLyNhanSu.csproj", "{634EAE4E-55BD-4AD4-8B5C-95DA930C6789}"
EndProject
Global
	GlobalSection(SolutionConfigurationPlatforms) = preSolution
		Debug|Any CPU = Debug|Any CPU
		Release|Any CPU = Release|Any CPU
	EndGlobalSection
	GlobalSection(ProjectConfigurationPlatforms) = postSolution
		{634EAE4E-55BD-4AD4-8B5C-95DA930C6789}.Debug|Any CPU.ActiveCfg = Debug|Any CPU
		{634EAE4E-55BD-4AD4-8B5C-95DA930C6789}.Debug|Any CPU.Build.0 = Debug|Any CPU
		{634EAE4E-55BD-4AD4-8B5C-95DA930C6789}.Release|Any CPU.ActiveCfg = Release|Any CPU
		{634EAE4E-55BD-4AD4-8B5C-95DA930C6789}.Release|Any CPU.Build.0 = Release|Any CPU
	EndGlobalSection
	GlobalSection(SolutionProperties) = preSolution
		HideSolutionNode = FALSE
	EndGlobalSection
	GlobalSection(ExtensibilityGlobals) = postSolution
		SolutionGuid = {5FDB4210-A198-47F0-90C3-063C1D0332C2}
	EndGlobalSection
EndGlobal
